
Microsoft Visual Studio Solution File, Format Version 12.00
# Visual Studio Version 17
VisualStudioVersion = 17.11.35303.130
MinimumVisualStudioVersion = 10.0.40219.1
Project("{8BC9CEB8-8B4A-11D0-8D11-00A0C91BC942}") = "HTML_decode", "HTML_decode.vcxproj", "{C003E161-652F-4EB8-8A50-CDAC98DEE5A0}"
EndProject
Project("{8BC9CEB8-8B4A-11D0-8D11-00A0C91BC942}") = "TestHtmlDecode", "TestHtmlDecode\TestHtmlDecode.vcxproj", "{0A74BF43-94EF-4F5A-AEF5-555996C37319}"
EndProject
Global
	GlobalSection(SolutionConfigurationPlatforms) = preSolution
		Debug|x64 = Debug|x64
		Debug|x86 = Debug|x86
		Release|x64 = Release|x64
		Release|x86 = Release|x86
	EndGlobalSection
	GlobalSection(ProjectConfigurationPlatforms) = postSolution
		{C003E161-652F-4EB8-8A50-CDAC98DEE5A0}.Debug|x64.ActiveCfg = Debug|x64
		{C003E161-652F-4EB8-8A50-CDAC98DEE5A0}.Debug|x64.Build.0 = Debug|x64
		{C003E161-652F-4EB8-8A50-CDAC98DEE5A0}.Debug|x86.ActiveCfg = Debug|Win32
		{C003E161-652F-4EB8-8A50-CDAC98DEE5A0}.Debug|x86.Build.0 = Debug|Win32
		{C003E161-652F-4EB8-8A50-CDAC98DEE5A0}.Release|x64.ActiveCfg = Release|x64
		{C003E161-652F-4EB8-8A50-CDAC98DEE5A0}.Release|x64.Build.0 = Release|x64
		{C003E161-652F-4EB8-8A50-CDAC98DEE5A0}.Release|x86.ActiveCfg = Release|Win32
		{C003E161-652F-4EB8-8A50-CDAC98DEE5A0}.Release|x86.Build.0 = Release|Win32
		{0A74BF43-94EF-4F5A-AEF5-555996C37319}.Debug|x64.ActiveCfg = Debug|x64
		{0A74BF43-94EF-4F5A-AEF5-555996C37319}.Debug|x64.Build.0 = Debug|x64
		{0A74BF43-94EF-4F5A-AEF5-555996C37319}.Debug|x86.ActiveCfg = Debug|Win32
		{0A74BF43-94EF-4F5A-AEF5-555996C37319}.Debug|x86.Build.0 = Debug|Win32
		{0A74BF43-94EF-4F5A-AEF5-555996C37319}.Release|x64.ActiveCfg = Release|x64
		{0A74BF43-94EF-4F5A-AEF5-555996C37319}.Release|x64.Build.0 = Release|x64
		{0A74BF43-94EF-4F5A-AEF5-555996C37319}.Release|x86.ActiveCfg = Release|Win32
		{0A74BF43-94EF-4F5A-AEF5-555996C37319}.Release|x86.Build.0 = Release|Win32
	EndGlobalSection
	GlobalSection(SolutionProperties) = preSolution
		HideSolutionNode = FALSE
	EndGlobalSection
	GlobalSection(ExtensibilityGlobals) = postSolution
		SolutionGuid = {47D75C08-14C3-499E-BDD1-89BAF25AF49C}
	EndGlobalSection
EndGlobal
